// !$*UTF8*$!
{
	archiveVersion = 1;
	classes = {
	};
	objectVersion = 46;
	objects = {

/* Begin PBXBuildFile section */
		74D9A3041D09D05300137541 /* AppDelegate.swift in Sources */ = {isa = PBXBuildFile; fileRef = 74D9A3031D09D05300137541 /* AppDelegate.swift */; };
		74D9A3061D09D05300137541 /* ViewController.swift in Sources */ = {isa = PBXBuildFile; fileRef = 74D9A3051D09D05300137541 /* ViewController.swift */; };
		74D9A3091D09D05300137541 /* Main.storyboard in Resources */ = {isa = PBXBuildFile; fileRef = 74D9A3071D09D05300137541 /* Main.storyboard */; };
		74D9A30B1D09D05300137541 /* Assets.xcassets in Resources */ = {isa = PBXBuildFile; fileRef = 74D9A30A1D09D05300137541 /* Assets.xcassets */; };
		74D9A30E1D09D05300137541 /* LaunchScreen.storyboard in Resources */ = {isa = PBXBuildFile; fileRef = 74D9A30C1D09D05300137541 /* LaunchScreen.storyboard */; };
		74D9A3191D09D05300137541 /* TechCompaniesTests.swift in Sources */ = {isa = PBXBuildFile; fileRef = 74D9A3181D09D05300137541 /* TechCompaniesTests.swift */; };
		74D9A3241D09D05300137541 /* TechCompaniesUITests.swift in Sources */ = {isa = PBXBuildFile; fileRef = 74D9A3231D09D05300137541 /* TechCompaniesUITests.swift */; };
		74D9A3331D09D0A000137541 /* entity.swift in Sources */ = {isa = PBXBuildFile; fileRef = 74D9A3321D09D0A000137541 /* entity.swift */; };
		74D9A3351D09D13300137541 /* EntitiesHelper.swift in Sources */ = {isa = PBXBuildFile; fileRef = 74D9A3341D09D13300137541 /* EntitiesHelper.swift */; };
		74D9A3381D09D1AF00137541 /* TechCompaniesListViewController.swift in Sources */ = {isa = PBXBuildFile; fileRef = 74D9A3371D09D1AF00137541 /* TechCompaniesListViewController.swift */; };
		74D9A33A1D09D5B600137541 /* TechCompanyDetailViewController.swift in Sources */ = {isa = PBXBuildFile; fileRef = 74D9A3391D09D5B600137541 /* TechCompanyDetailViewController.swift */; };
/* End PBXBuildFile section */

/* Begin PBXContainerItemProxy section */
		74D9A3151D09D05300137541 /* PBXContainerItemProxy */ = {
			isa = PBXContainerItemProxy;
			containerPortal = 74D9A2F81D09D05300137541 /* Project object */;
			proxyType = 1;
			remoteGlobalIDString = 74D9A2FF1D09D05300137541;
			remoteInfo = TechCompanies;
		};
		74D9A3201D09D05300137541 /* PBXContainerItemProxy */ = {
			isa = PBXContainerItemProxy;
			containerPortal = 74D9A2F81D09D05300137541 /* Project object */;
			proxyType = 1;
			remoteGlobalIDString = 74D9A2FF1D09D05300137541;
			remoteInfo = TechCompanies;
		};
/* End PBXContainerItemProxy section */

/* Begin PBXFileReference section */
		74D9A3001D09D05300137541 /* TechCompanies.app */ = {isa = PBXFileReference; explicitFileType = wrapper.application; includeInIndex = 0; path = TechCompanies.app; sourceTree = BUILT_PRODUCTS_DIR; };
		74D9A3031D09D05300137541 /* AppDelegate.swift */ = {isa = PBXFileReference; lastKnownFileType = sourcecode.swift; path = AppDelegate.swift; sourceTree = "<group>"; };
		74D9A3051D09D05300137541 /* ViewController.swift */ = {isa = PBXFileReference; lastKnownFileType = sourcecode.swift; path = ViewController.swift; sourceTree = "<group>"; };
		74D9A3081D09D05300137541 /* Base */ = {isa = PBXFileReference; lastKnownFileType = file.storyboard; name = Base; path = Base.lproj/Main.storyboard; sourceTree = "<group>"; };
		74D9A30A1D09D05300137541 /* Assets.xcassets */ = {isa = PBXFileReference; lastKnownFileType = folder.assetcatalog; path = Assets.xcassets; sourceTree = "<group>"; };
		74D9A30D1D09D05300137541 /* Base */ = {isa = PBXFileReference; lastKnownFileType = file.storyboard; name = Base; path = Base.lproj/LaunchScreen.storyboard; sourceTree = "<group>"; };
		74D9A30F1D09D05300137541 /* Info.plist */ = {isa = PBXFileReference; lastKnownFileType = text.plist.xml; path = Info.plist; sourceTree = "<group>"; };
		74D9A3141D09D05300137541 /* TechCompaniesTests.xctest */ = {isa = PBXFileReference; explicitFileType = wrapper.cfbundle; includeInIndex = 0; path = TechCompaniesTests.xctest; sourceTree = BUILT_PRODUCTS_DIR; };
		74D9A3181D09D05300137541 /* TechCompaniesTests.swift */ = {isa = PBXFileReference; lastKnownFileType = sourcecode.swift; path = TechCompaniesTests.swift; sourceTree = "<group>"; };
		74D9A31A1D09D05300137541 /* Info.plist */ = {isa = PBXFileReference; lastKnownFileType = text.plist.xml; path = Info.plist; sourceTree = "<group>"; };
		74D9A31F1D09D05300137541 /* TechCompaniesUITests.xctest */ = {isa = PBXFileReference; explicitFileType = wrapper.cfbundle; includeInIndex = 0; path = TechCompaniesUITests.xctest; sourceTree = BUILT_PRODUCTS_DIR; };
		74D9A3231D09D05300137541 /* TechCompaniesUITests.swift */ = {isa = PBXFileReference; lastKnownFileType = sourcecode.swift; path = TechCompaniesUITests.swift; sourceTree = "<group>"; };
		74D9A3251D09D05300137541 /* Info.plist */ = {isa = PBXFileReference; lastKnownFileType = text.plist.xml; path = Info.plist; sourceTree = "<group>"; };
		74D9A3321D09D0A000137541 /* entity.swift */ = {isa = PBXFileReference; fileEncoding = 4; lastKnownFileType = sourcecode.swift; path = entity.swift; sourceTree = "<group>"; };
		74D9A3341D09D13300137541 /* EntitiesHelper.swift */ = {isa = PBXFileReference; fileEncoding = 4; lastKnownFileType = sourcecode.swift; path = EntitiesHelper.swift; sourceTree = "<group>"; };
		74D9A3371D09D1AF00137541 /* TechCompaniesListViewController.swift */ = {isa = PBXFileReference; fileEncoding = 4; lastKnownFileType = sourcecode.swift; path = TechCompaniesListViewController.swift; sourceTree = "<group>"; };
		74D9A3391D09D5B600137541 /* TechCompanyDetailViewController.swift */ = {isa = PBXFileReference; fileEncoding = 4; lastKnownFileType = sourcecode.swift; path = TechCompanyDetailViewController.swift; sourceTree = "<group>"; };
/* End PBXFileReference section */

/* Begin PBXFrameworksBuildPhase section */
		74D9A2FD1D09D05300137541 /* Frameworks */ = {
			isa = PBXFrameworksBuildPhase;
			buildActionMask = 2147483647;
			files = (
			);
			runOnlyForDeploymentPostprocessing = 0;
		};
		74D9A3111D09D05300137541 /* Frameworks */ = {
			isa = PBXFrameworksBuildPhase;
			buildActionMask = 2147483647;
			files = (
			);
			runOnlyForDeploymentPostprocessing = 0;
		};
		74D9A31C1D09D05300137541 /* Frameworks */ = {
			isa = PBXFrameworksBuildPhase;
			buildActionMask = 2147483647;
			files = (
			);
			runOnlyForDeploymentPostprocessing = 0;
		};
/* End PBXFrameworksBuildPhase section */

/* Begin PBXGroup section */
		74D9A2F71D09D05300137541 = {
			isa = PBXGroup;
			children = (
				74D9A3021D09D05300137541 /* TechCompanies */,
				74D9A3171D09D05300137541 /* TechCompaniesTests */,
				74D9A3221D09D05300137541 /* TechCompaniesUITests */,
				74D9A3011D09D05300137541 /* Products */,
			);
			sourceTree = "<group>";
		};
		74D9A3011D09D05300137541 /* Products */ = {
			isa = PBXGroup;
			children = (
				74D9A3001D09D05300137541 /* TechCompanies.app */,
				74D9A3141D09D05300137541 /* TechCompaniesTests.xctest */,
				74D9A31F1D09D05300137541 /* TechCompaniesUITests.xctest */,
			);
			name = Products;
			sourceTree = "<group>";
		};
		74D9A3021D09D05300137541 /* TechCompanies */ = {
			isa = PBXGroup;
			children = (
				74D9A3361D09D16D00137541 /* ViewControllers */,
				74D9A3311D09D07500137541 /* Models */,
				74D9A3031D09D05300137541 /* AppDelegate.swift */,
				74D9A3051D09D05300137541 /* ViewController.swift */,
				74D9A3071D09D05300137541 /* Main.storyboard */,
				74D9A30A1D09D05300137541 /* Assets.xcassets */,
				74D9A30C1D09D05300137541 /* LaunchScreen.storyboard */,
				74D9A30F1D09D05300137541 /* Info.plist */,
			);
			path = TechCompanies;
			sourceTree = "<group>";
		};
		74D9A3171D09D05300137541 /* TechCompaniesTests */ = {
			isa = PBXGroup;
			children = (
				74D9A3181D09D05300137541 /* TechCompaniesTests.swift */,
				74D9A31A1D09D05300137541 /* Info.plist */,
			);
			path = TechCompaniesTests;
			sourceTree = "<group>";
		};
		74D9A3221D09D05300137541 /* TechCompaniesUITests */ = {
			isa = PBXGroup;
			children = (
				74D9A3231D09D05300137541 /* TechCompaniesUITests.swift */,
				74D9A3251D09D05300137541 /* Info.plist */,
			);
			path = TechCompaniesUITests;
			sourceTree = "<group>";
		};
		74D9A3311D09D07500137541 /* Models */ = {
			isa = PBXGroup;
			children = (
				74D9A3321D09D0A000137541 /* entity.swift */,
				74D9A3341D09D13300137541 /* EntitiesHelper.swift */,
			);
			name = Models;
			sourceTree = "<group>";
		};
		74D9A3361D09D16D00137541 /* ViewControllers */ = {
			isa = PBXGroup;
			children = (
				74D9A3371D09D1AF00137541 /* TechCompaniesListViewController.swift */,
				74D9A3391D09D5B600137541 /* TechCompanyDetailViewController.swift */,
			);
			name = ViewControllers;
			sourceTree = "<group>";
		};
/* End PBXGroup section */

/* Begin PBXNativeTarget section */
		74D9A2FF1D09D05300137541 /* TechCompanies */ = {
			isa = PBXNativeTarget;
			buildConfigurationList = 74D9A3281D09D05300137541 /* Build configuration list for PBXNativeTarget "TechCompanies" */;
			buildPhases = (
				74D9A2FC1D09D05300137541 /* Sources */,
				74D9A2FD1D09D05300137541 /* Frameworks */,
				74D9A2FE1D09D05300137541 /* Resources */,
			);
			buildRules = (
			);
			dependencies = (
			);
			name = TechCompanies;
			productName = TechCompanies;
			productReference = 74D9A3001D09D05300137541 /* TechCompanies.app */;
			productType = "com.apple.product-type.application";
		};
		74D9A3131D09D05300137541 /* TechCompaniesTests */ = {
			isa = PBXNativeTarget;
			buildConfigurationList = 74D9A32B1D09D05300137541 /* Build configuration list for PBXNativeTarget "TechCompaniesTests" */;
			buildPhases = (
				74D9A3101D09D05300137541 /* Sources */,
				74D9A3111D09D05300137541 /* Frameworks */,
				74D9A3121D09D05300137541 /* Resources */,
			);
			buildRules = (
			);
			dependencies = (
				74D9A3161D09D05300137541 /* PBXTargetDependency */,
			);
			name = TechCompaniesTests;
			productName = TechCompaniesTests;
			productReference = 74D9A3141D09D05300137541 /* TechCompaniesTests.xctest */;
			productType = "com.apple.product-type.bundle.unit-test";
		};
		74D9A31E1D09D05300137541 /* TechCompaniesUITests */ = {
			isa = PBXNativeTarget;
			buildConfigurationList = 74D9A32E1D09D05300137541 /* Build configuration list for PBXNativeTarget "TechCompaniesUITests" */;
			buildPhases = (
				74D9A31B1D09D05300137541 /* Sources */,
				74D9A31C1D09D05300137541 /* Frameworks */,
				74D9A31D1D09D05300137541 /* Resources */,
			);
			buildRules = (
			);
			dependencies = (
				74D9A3211D09D05300137541 /* PBXTargetDependency */,
			);
			name = TechCompaniesUITests;
			productName = TechCompaniesUITests;
			productReference = 74D9A31F1D09D05300137541 /* TechCompaniesUITests.xctest */;
			productType = "com.apple.product-type.bundle.ui-testing";
		};
/* End PBXNativeTarget section */

/* Begin PBXProject section */
		74D9A2F81D09D05300137541 /* Project object */ = {
			isa = PBXProject;
			attributes = {
				LastSwiftUpdateCheck = 0730;
				LastUpgradeCheck = 0730;
				ORGANIZATIONNAME = "Ian Wagener";
				TargetAttributes = {
					74D9A2FF1D09D05300137541 = {
						CreatedOnToolsVersion = 7.3.1;
					};
					74D9A3131D09D05300137541 = {
						CreatedOnToolsVersion = 7.3.1;
						TestTargetID = 74D9A2FF1D09D05300137541;
					};
					74D9A31E1D09D05300137541 = {
						CreatedOnToolsVersion = 7.3.1;
						TestTargetID = 74D9A2FF1D09D05300137541;
					};
				};
			};
			buildConfigurationList = 74D9A2FB1D09D05300137541 /* Build configuration list for PBXProject "TechCompanies" */;
			compatibilityVersion = "Xcode 3.2";
			developmentRegion = English;
			hasScannedForEncodings = 0;
			knownRegions = (
				en,
				Base,
			);
			mainGroup = 74D9A2F71D09D05300137541;
			productRefGroup = 74D9A3011D09D05300137541 /* Products */;
			projectDirPath = "";
			projectRoot = "";
			targets = (
				74D9A2FF1D09D05300137541 /* TechCompanies */,
				74D9A3131D09D05300137541 /* TechCompaniesTests */,
				74D9A31E1D09D05300137541 /* TechCompaniesUITests */,
			);
		};
/* End PBXProject section */

/* Begin PBXResourcesBuildPhase section */
		74D9A2FE1D09D05300137541 /* Resources */ = {
			isa = PBXResourcesBuildPhase;
			buildActionMask = 2147483647;
			files = (
				74D9A30E1D09D05300137541 /* LaunchScreen.storyboard in Resources */,
				74D9A30B1D09D05300137541 /* Assets.xcassets in Resources */,
				74D9A3091D09D05300137541 /* Main.storyboard in Resources */,
			);
			runOnlyForDeploymentPostprocessing = 0;
		};
		74D9A3121D09D05300137541 /* Resources */ = {
			isa = PBXResourcesBuildPhase;
			buildActionMask = 2147483647;
			files = (
			);
			runOnlyForDeploymentPostprocessing = 0;
		};
		74D9A31D1D09D05300137541 /* Resources */ = {
			isa = PBXResourcesBuildPhase;
			buildActionMask = 2147483647;
			files = (
			);
			runOnlyForDeploymentPostprocessing = 0;
		};
/* End PBXResourcesBuildPhase section */

/* Begin PBXSourcesBuildPhase section */
		74D9A2FC1D09D05300137541 /* Sources */ = {
			isa = PBXSourcesBuildPhase;
			buildActionMask = 2147483647;
			files = (
				74D9A3351D09D13300137541 /* EntitiesHelper.swift in Sources */,
				74D9A3331D09D0A000137541 /* entity.swift in Sources */,
				74D9A3061D09D05300137541 /* ViewController.swift in Sources */,
				74D9A3381D09D1AF00137541 /* TechCompaniesListViewController.swift in Sources */,
				74D9A3041D09D05300137541 /* AppDelegate.swift in Sources */,
				74D9A33A1D09D5B600137541 /* TechCompanyDetailViewController.swift in Sources */,
			);
			runOnlyForDeploymentPostprocessing = 0;
		};
		74D9A3101D09D05300137541 /* Sources */ = {
			isa = PBXSourcesBuildPhase;
			buildActionMask = 2147483647;
			files = (
				74D9A3191D09D05300137541 /* TechCompaniesTests.swift in Sources */,
			);
			runOnlyForDeploymentPostprocessing = 0;
		};
		74D9A31B1D09D05300137541 /* Sources */ = {
			isa = PBXSourcesBuildPhase;
			buildActionMask = 2147483647;
			files = (
				74D9A3241D09D05300137541 /* TechCompaniesUITests.swift in Sources */,
			);
			runOnlyForDeploymentPostprocessing = 0;
		};
/* End PBXSourcesBuildPhase section */

/* Begin PBXTargetDependency section */
		74D9A3161D09D05300137541 /* PBXTargetDependency */ = {
			isa = PBXTargetDependency;
			target = 74D9A2FF1D09D05300137541 /* TechCompanies */;
			targetProxy = 74D9A3151D09D05300137541 /* PBXContainerItemProxy */;
		};
		74D9A3211D09D05300137541 /* PBXTargetDependency */ = {
			isa = PBXTargetDependency;
			target = 74D9A2FF1D09D05300137541 /* TechCompanies */;
			targetProxy = 74D9A3201D09D05300137541 /* PBXContainerItemProxy */;
		};
/* End PBXTargetDependency section */

/* Begin PBXVariantGroup section */
		74D9A3071D09D05300137541 /* Main.storyboard */ = {
			isa = PBXVariantGroup;
			children = (
				74D9A3081D09D05300137541 /* Base */,
			);
			name = Main.storyboard;
			sourceTree = "<group>";
		};
		74D9A30C1D09D05300137541 /* LaunchScreen.storyboard */ = {
			isa = PBXVariantGroup;
			children = (
				74D9A30D1D09D05300137541 /* Base */,
			);
			name = LaunchScreen.storyboard;
			sourceTree = "<group>";
		};
/* End PBXVariantGroup section */

/* Begin XCBuildConfiguration section */
		74D9A3261D09D05300137541 /* Debug */ = {
			isa = XCBuildConfiguration;
			buildSettings = {
				ALWAYS_SEARCH_USER_PATHS = NO;
				CLANG_ANALYZER_NONNULL = YES;
				CLANG_CXX_LANGUAGE_STANDARD = "gnu++0x";
				CLANG_CXX_LIBRARY = "libc++";
				CLANG_ENABLE_MODULES = YES;
				CLANG_ENABLE_OBJC_ARC = YES;
				CLANG_WARN_BOOL_CONVERSION = YES;
				CLANG_WARN_CONSTANT_CONVERSION = YES;
				CLANG_WARN_DIRECT_OBJC_ISA_USAGE = YES_ERROR;
				CLANG_WARN_EMPTY_BODY = YES;
				CLANG_WARN_ENUM_CONVERSION = YES;
				CLANG_WARN_INT_CONVERSION = YES;
				CLANG_WARN_OBJC_ROOT_CLASS = YES_ERROR;
				CLANG_WARN_UNREACHABLE_CODE = YES;
				CLANG_WARN__DUPLICATE_METHOD_MATCH = YES;
				"CODE_SIGN_IDENTITY[sdk=iphoneos*]" = "iPhone Developer";
				COPY_PHASE_STRIP = NO;
				DEBUG_INFORMATION_FORMAT = dwarf;
				ENABLE_STRICT_OBJC_MSGSEND = YES;
				ENABLE_TESTABILITY = YES;
				GCC_C_LANGUAGE_STANDARD = gnu99;
				GCC_DYNAMIC_NO_PIC = NO;
				GCC_NO_COMMON_BLOCKS = YES;
				GCC_OPTIMIZATION_LEVEL = 0;
				GCC_PREPROCESSOR_DEFINITIONS = (
					"DEBUG=1",
					"$(inherited)",
				);
				GCC_WARN_64_TO_32_BIT_CONVERSION = YES;
				GCC_WARN_ABOUT_RETURN_TYPE = YES_ERROR;
				GCC_WARN_UNDECLARED_SELECTOR = YES;
				GCC_WARN_UNINITIALIZED_AUTOS = YES_AGGRESSIVE;
				GCC_WARN_UNUSED_FUNCTION = YES;
				GCC_WARN_UNUSED_VARIABLE = YES;
				IPHONEOS_DEPLOYMENT_TARGET = 9.3;
				MTL_ENABLE_DEBUG_INFO = YES;
				ONLY_ACTIVE_ARCH = YES;
				SDKROOT = iphoneos;
				SWIFT_OPTIMIZATION_LEVEL = "-Onone";
				TARGETED_DEVICE_FAMILY = "1,2";
			};
			name = Debug;
		};
		74D9A3271D09D05300137541 /* Release */ = {
			isa = XCBuildConfiguration;
			buildSettings = {
				ALWAYS_SEARCH_USER_PATHS = NO;
				CLANG_ANALYZER_NONNULL = YES;
				CLANG_CXX_LANGUAGE_STANDARD = "gnu++0x";
				CLANG_CXX_LIBRARY = "libc++";
				CLANG_ENABLE_MODULES = YES;
				CLANG_ENABLE_OBJC_ARC = YES;
				CLANG_WARN_BOOL_CONVERSION = YES;
				CLANG_WARN_CONSTANT_CONVERSION = YES;
				CLANG_WARN_DIRECT_OBJC_ISA_USAGE = YES_ERROR;
				CLANG_WARN_EMPTY_BODY = YES;
				CLANG_WARN_ENUM_CONVERSION = YES;
				CLANG_WARN_INT_CONVERSION = YES;
				CLANG_WARN_OBJC_ROOT_CLASS = YES_ERROR;
				CLANG_WARN_UNREACHABLE_CODE = YES;
				CLANG_WARN__DUPLICATE_METHOD_MATCH = YES;
				"CODE_SIGN_IDENTITY[sdk=iphoneos*]" = "iPhone Developer";
				COPY_PHASE_STRIP = NO;
				DEBUG_INFORMATION_FORMAT = "dwarf-with-dsym";
				ENABLE_NS_ASSERTIONS = NO;
				ENABLE_STRICT_OBJC_MSGSEND = YES;
				GCC_C_LANGUAGE_STANDARD = gnu99;
				GCC_NO_COMMON_BLOCKS = YES;
				GCC_WARN_64_TO_32_BIT_CONVERSION = YES;
				GCC_WARN_ABOUT_RETURN_TYPE = YES_ERROR;
				GCC_WARN_UNDECLARED_SELECTOR = YES;
				GCC_WARN_UNINITIALIZED_AUTOS = YES_AGGRESSIVE;
				GCC_WARN_UNUSED_FUNCTION = YES;
				GCC_WARN_UNUSED_VARIABLE = YES;
				IPHONEOS_DEPLOYMENT_TARGET = 9.3;
				MTL_ENABLE_DEBUG_INFO = NO;
				SDKROOT = iphoneos;
				TARGETED_DEVICE_FAMILY = "1,2";
				VALIDATE_PRODUCT = YES;
			};
			name = Release;
		};
		74D9A3291D09D05300137541 /* Debug */ = {
			isa = XCBuildConfiguration;
			buildSettings = {
				ASSETCATALOG_COMPILER_APPICON_NAME = AppIcon;
				INFOPLIST_FILE = TechCompanies/Info.plist;
				LD_RUNPATH_SEARCH_PATHS = "$(inherited) @executable_path/Frameworks";
				PRODUCT_BUNDLE_IDENTIFIER = SVC.TechCompanies;
				PRODUCT_NAME = "$(TARGET_NAME)";
			};
			name = Debug;
		};
		74D9A32A1D09D05300137541 /* Release */ = {
			isa = XCBuildConfiguration;
			buildSettings = {
				ASSETCATALOG_COMPILER_APPICON_NAME = AppIcon;
				INFOPLIST_FILE = TechCompanies/Info.plist;
				LD_RUNPATH_SEARCH_PATHS = "$(inherited) @executable_path/Frameworks";
				PRODUCT_BUNDLE_IDENTIFIER = SVC.TechCompanies;
				PRODUCT_NAME = "$(TARGET_NAME)";
			};
			name = Release;
		};
		74D9A32C1D09D05300137541 /* Debug */ = {
			isa = XCBuildConfiguration;
			buildSettings = {
				BUNDLE_LOADER = "$(TEST_HOST)";
				INFOPLIST_FILE = TechCompaniesTests/Info.plist;
				LD_RUNPATH_SEARCH_PATHS = "$(inherited) @executable_path/Frameworks @loader_path/Frameworks";
				PRODUCT_BUNDLE_IDENTIFIER = SVC.TechCompaniesTests;
				PRODUCT_NAME = "$(TARGET_NAME)";
				TEST_HOST = "$(BUILT_PRODUCTS_DIR)/TechCompanies.app/TechCompanies";
			};
			name = Debug;
		};
		74D9A32D1D09D05300137541 /* Release */ = {
			isa = XCBuildConfiguration;
			buildSettings = {
				BUNDLE_LOADER = "$(TEST_HOST)";
				INFOPLIST_FILE = TechCompaniesTests/Info.plist;
				LD_RUNPATH_SEARCH_PATHS = "$(inherited) @executable_path/Frameworks @loader_path/Frameworks";
				PRODUCT_BUNDLE_IDENTIFIER = SVC.TechCompaniesTests;
				PRODUCT_NAME = "$(TARGET_NAME)";
				TEST_HOST = "$(BUILT_PRODUCTS_DIR)/TechCompanies.app/TechCompanies";
			};
			name = Release;
		};
		74D9A32F1D09D05300137541 /* Debug */ = {
			isa = XCBuildConfiguration;
			buildSettings = {
				INFOPLIST_FILE = TechCompaniesUITests/Info.plist;
				LD_RUNPATH_SEARCH_PATHS = "$(inherited) @executable_path/Frameworks @loader_path/Frameworks";
				PRODUCT_BUNDLE_IDENTIFIER = SVC.TechCompaniesUITests;
				PRODUCT_NAME = "$(TARGET_NAME)";
				TEST_TARGET_NAME = TechCompanies;
			};
			name = Debug;
		};
		74D9A3301D09D05300137541 /* Release */ = {
			isa = XCBuildConfiguration;
			buildSettings = {
				INFOPLIST_FILE = TechCompaniesUITests/Info.plist;
				LD_RUNPATH_SEARCH_PATHS = "$(inherited) @executable_path/Frameworks @loader_path/Frameworks";
				PRODUCT_BUNDLE_IDENTIFIER = SVC.TechCompaniesUITests;
				PRODUCT_NAME = "$(TARGET_NAME)";
				TEST_TARGET_NAME = TechCompanies;
			};
			name = Release;
		};
/* End XCBuildConfiguration section */

/* Begin XCConfigurationList section */
		74D9A2FB1D09D05300137541 /* Build configuration list for PBXProject "TechCompanies" */ = {
			isa = XCConfigurationList;
			buildConfigurations = (
				74D9A3261D09D05300137541 /* Debug */,
				74D9A3271D09D05300137541 /* Release */,
			);
			defaultConfigurationIsVisible = 0;
			defaultConfigurationName = Release;
		};
		74D9A3281D09D05300137541 /* Build configuration list for PBXNativeTarget "TechCompanies" */ = {
			isa = XCConfigurationList;
			buildConfigurations = (
				74D9A3291D09D05300137541 /* Debug */,
				74D9A32A1D09D05300137541 /* Release */,
			);
			defaultConfigurationIsVisible = 0;
		};
		74D9A32B1D09D05300137541 /* Build configuration list for PBXNativeTarget "TechCompaniesTests" */ = {
			isa = XCConfigurationList;
			buildConfigurations = (
				74D9A32C1D09D05300137541 /* Debug */,
				74D9A32D1D09D05300137541 /* Release */,
			);
			defaultConfigurationIsVisible = 0;
		};
		74D9A32E1D09D05300137541 /* Build configuration list for PBXNativeTarget "TechCompaniesUITests" */ = {
			isa = XCConfigurationList;
			buildConfigurations = (
				74D9A32F1D09D05300137541 /* Debug */,
				74D9A3301D09D05300137541 /* Release */,
			);
			defaultConfigurationIsVisible = 0;
		};
/* End XCConfigurationList section */
	};
	rootObject = 74D9A2F81D09D05300137541 /* Project object */;
}
